// !$*UTF8*$!
{
	archiveVersion = 1;
	classes = {
	};
	objectVersion = 46;
	objects = {

/* Begin PBXBuildFile section */
		2791E6A9BB3F416029B3E4EA /* Pods_Gourmand.framework in Frameworks */ = {isa = PBXBuildFile; fileRef = A57CBA013C1C71460DD7D007 /* Pods_Gourmand.framework */; };
		5510BCE53F35E55323F1E03F /* Pods_GourmandUITests.framework in Frameworks */ = {isa = PBXBuildFile; fileRef = BDCE330A8CB7720CEF6649F2 /* Pods_GourmandUITests.framework */; };
		842553361C8431B500CF9D94 /* AddressBar.swift in Sources */ = {isa = PBXBuildFile; fileRef = 842553341C8431B500CF9D94 /* AddressBar.swift */; };
		842553371C8431B500CF9D94 /* MPGTextField.swift in Sources */ = {isa = PBXBuildFile; fileRef = 842553351C8431B500CF9D94 /* MPGTextField.swift */; };
		842553391C8431C000CF9D94 /* Soap.swift in Sources */ = {isa = PBXBuildFile; fileRef = 842553381C8431C000CF9D94 /* Soap.swift */; };
		845EAC791C85708300419C66 /* LocalDb.swift in Sources */ = {isa = PBXBuildFile; fileRef = 845EAC781C85708300419C66 /* LocalDb.swift */; };
		845EAC7C1C8582B000419C66 /* SearchService.swift in Sources */ = {isa = PBXBuildFile; fileRef = 845EAC7B1C8582B000419C66 /* SearchService.swift */; };
		845EAC801C85839800419C66 /* Filter.swift in Sources */ = {isa = PBXBuildFile; fileRef = 845EAC7F1C85839800419C66 /* Filter.swift */; };
		8498B2DA1C8AAC6D009A433E /* SearchOptionController.swift in Sources */ = {isa = PBXBuildFile; fileRef = 8498B2D91C8AAC6D009A433E /* SearchOptionController.swift */; };
		8498B2DD1C8AAFCB009A433E /* SearchOptionService.swift in Sources */ = {isa = PBXBuildFile; fileRef = 8498B2DC1C8AAFCB009A433E /* SearchOptionService.swift */; };
		8498B2DF1C8AB5DD009A433E /* SearchOptionCell.swift in Sources */ = {isa = PBXBuildFile; fileRef = 8498B2DE1C8AB5DD009A433E /* SearchOptionCell.swift */; };
		8498B2E11C8AC85E009A433E /* SearchBar.swift in Sources */ = {isa = PBXBuildFile; fileRef = 8498B2E01C8AC85E009A433E /* SearchBar.swift */; };
		8498B2E31C8B168A009A433E /* SearchResultController.swift in Sources */ = {isa = PBXBuildFile; fileRef = 8498B2E21C8B168A009A433E /* SearchResultController.swift */; };
		8498B2E51C8B16F4009A433E /* SearchResultCell.swift in Sources */ = {isa = PBXBuildFile; fileRef = 8498B2E41C8B16F4009A433E /* SearchResultCell.swift */; };
		84ADF1161C85B3E500B60E25 /* CookService.swift in Sources */ = {isa = PBXBuildFile; fileRef = 84ADF1151C85B3E500B60E25 /* CookService.swift */; };
		9A5BD2261C832608009FC1E1 /* SearchPageController.swift in Sources */ = {isa = PBXBuildFile; fileRef = 9A5BD2251C832608009FC1E1 /* SearchPageController.swift */; };
		9A6F684C1C6F01550020BFB6 /* AppDelegate.swift in Sources */ = {isa = PBXBuildFile; fileRef = 9A6F684B1C6F01550020BFB6 /* AppDelegate.swift */; };
		9A6F684E1C6F01550020BFB6 /* LoginController.swift in Sources */ = {isa = PBXBuildFile; fileRef = 9A6F684D1C6F01550020BFB6 /* LoginController.swift */; };
		9A6F68511C6F01550020BFB6 /* Main.storyboard in Resources */ = {isa = PBXBuildFile; fileRef = 9A6F684F1C6F01550020BFB6 /* Main.storyboard */; };
		9A6F68541C6F01550020BFB6 /* Gourmand.xcdatamodeld in Sources */ = {isa = PBXBuildFile; fileRef = 9A6F68521C6F01550020BFB6 /* Gourmand.xcdatamodeld */; };
		9A6F68561C6F01550020BFB6 /* Assets.xcassets in Resources */ = {isa = PBXBuildFile; fileRef = 9A6F68551C6F01550020BFB6 /* Assets.xcassets */; };
		9A6F68591C6F01550020BFB6 /* LaunchScreen.storyboard in Resources */ = {isa = PBXBuildFile; fileRef = 9A6F68571C6F01550020BFB6 /* LaunchScreen.storyboard */; };
		9A6F68641C6F01560020BFB6 /* GourmandTests.swift in Sources */ = {isa = PBXBuildFile; fileRef = 9A6F68631C6F01560020BFB6 /* GourmandTests.swift */; };
		9A6F686F1C6F01560020BFB6 /* GourmandUITests.swift in Sources */ = {isa = PBXBuildFile; fileRef = 9A6F686E1C6F01560020BFB6 /* GourmandUITests.swift */; };
		9A6F68861C6F3FFA0020BFB6 /* Localizable.strings in Resources */ = {isa = PBXBuildFile; fileRef = 9A6F68881C6F3FFA0020BFB6 /* Localizable.strings */; };
		9A74A4881C707C360006605D /* Accounts.framework in Frameworks */ = {isa = PBXBuildFile; fileRef = 9A74A4871C707C360006605D /* Accounts.framework */; };
		9A74A48A1C707C4E0006605D /* AudioToolbox.framework in Frameworks */ = {isa = PBXBuildFile; fileRef = 9A74A4891C707C4E0006605D /* AudioToolbox.framework */; };
		9A74A48C1C707C530006605D /* CFNetwork.framework in Frameworks */ = {isa = PBXBuildFile; fileRef = 9A74A48B1C707C530006605D /* CFNetwork.framework */; };
		9A74A48E1C707C600006605D /* CoreGraphics.framework in Frameworks */ = {isa = PBXBuildFile; fileRef = 9A74A48D1C707C600006605D /* CoreGraphics.framework */; };
		9A74A4901C707C6D0006605D /* CoreLocation.framework in Frameworks */ = {isa = PBXBuildFile; fileRef = 9A74A48F1C707C6D0006605D /* CoreLocation.framework */; };
		9A74A4921C707C840006605D /* QuartzCore.framework in Frameworks */ = {isa = PBXBuildFile; fileRef = 9A74A4911C707C840006605D /* QuartzCore.framework */; };
		9A74A4941C707C940006605D /* Security.framework in Frameworks */ = {isa = PBXBuildFile; fileRef = 9A74A4931C707C940006605D /* Security.framework */; };
		9A74A4961C707CA00006605D /* Social.framework in Frameworks */ = {isa = PBXBuildFile; fileRef = 9A74A4951C707CA00006605D /* Social.framework */; };
		9A74A4981C707CAD0006605D /* StoreKit.framework in Frameworks */ = {isa = PBXBuildFile; fileRef = 9A74A4971C707CAD0006605D /* StoreKit.framework */; };
		9A74A49A1C707CBA0006605D /* SystemConfiguration.framework in Frameworks */ = {isa = PBXBuildFile; fileRef = 9A74A4991C707CBA0006605D /* SystemConfiguration.framework */; };
		9A74A49C1C707CC80006605D /* libz.tbd in Frameworks */ = {isa = PBXBuildFile; fileRef = 9A74A49B1C707CC80006605D /* libz.tbd */; };
		9A74A49E1C707CDD0006605D /* libsqlite3.tbd in Frameworks */ = {isa = PBXBuildFile; fileRef = 9A74A49D1C707CDD0006605D /* libsqlite3.tbd */; };
		9AC2B5E11C73121F0054AADC /* MapViewController.swift in Sources */ = {isa = PBXBuildFile; fileRef = 9AC2B5E01C73121F0054AADC /* MapViewController.swift */; };
		9AC628161C8D7F8200BAA266 /* 001.jpg in Resources */ = {isa = PBXBuildFile; fileRef = 9AC6280D1C8D7F8200BAA266 /* 001.jpg */; };
		9AC628171C8D7F8200BAA266 /* 002.jpg in Resources */ = {isa = PBXBuildFile; fileRef = 9AC6280E1C8D7F8200BAA266 /* 002.jpg */; };
		9AC628181C8D7F8200BAA266 /* 003.jpg in Resources */ = {isa = PBXBuildFile; fileRef = 9AC6280F1C8D7F8200BAA266 /* 003.jpg */; };
		9AC628191C8D7F8200BAA266 /* 004.jpg in Resources */ = {isa = PBXBuildFile; fileRef = 9AC628101C8D7F8200BAA266 /* 004.jpg */; };
		9AC6281A1C8D7F8200BAA266 /* 005.jpg in Resources */ = {isa = PBXBuildFile; fileRef = 9AC628111C8D7F8200BAA266 /* 005.jpg */; };
		9AC6281B1C8D7F8200BAA266 /* 006.jpg in Resources */ = {isa = PBXBuildFile; fileRef = 9AC628121C8D7F8200BAA266 /* 006.jpg */; };
		9AC6281C1C8D7F8200BAA266 /* 007.jpg in Resources */ = {isa = PBXBuildFile; fileRef = 9AC628131C8D7F8200BAA266 /* 007.jpg */; };
		9AC6281D1C8D7F8200BAA266 /* 008.jpg in Resources */ = {isa = PBXBuildFile; fileRef = 9AC628141C8D7F8200BAA266 /* 008.jpg */; };
		9AC6281E1C8D7F8200BAA266 /* 009.jpg in Resources */ = {isa = PBXBuildFile; fileRef = 9AC628151C8D7F8200BAA266 /* 009.jpg */; };
		9AF40C5E1C8C40F00005DC9D /* MosaicData.m in Sources */ = {isa = PBXBuildFile; fileRef = 9AF40C521C8C40F00005DC9D /* MosaicData.m */; };
		9AF40C5F1C8C40F00005DC9D /* TwoDimentionalArray.m in Sources */ = {isa = PBXBuildFile; fileRef = 9AF40C551C8C40F00005DC9D /* TwoDimentionalArray.m */; };
		9AF40C601C8C40F00005DC9D /* MosaicDataView.m in Sources */ = {isa = PBXBuildFile; fileRef = 9AF40C5B1C8C40F00005DC9D /* MosaicDataView.m */; };
		9AF40C611C8C40F00005DC9D /* MosaicView.m in Sources */ = {isa = PBXBuildFile; fileRef = 9AF40C5D1C8C40F00005DC9D /* MosaicView.m */; };
		9AF40C771C8C418D0005DC9D /* data.json in Resources */ = {isa = PBXBuildFile; fileRef = 9AF40C6D1C8C418D0005DC9D /* data.json */; };
		9AF40C7D1C8C463D0005DC9D /* HomeViewController.m in Sources */ = {isa = PBXBuildFile; fileRef = 9AF40C7C1C8C463D0005DC9D /* HomeViewController.m */; };
		9AF40C811C8C46690005DC9D /* HomeViewDataSet.m in Sources */ = {isa = PBXBuildFile; fileRef = 9AF40C801C8C46690005DC9D /* HomeViewDataSet.m */; };
		9AF7F2F01C82F62200470A3F /* SearchController.swift in Sources */ = {isa = PBXBuildFile; fileRef = 9AF7F2EF1C82F62200470A3F /* SearchController.swift */; };
		9AF7F2F21C82F63900470A3F /* HomeController.swift in Sources */ = {isa = PBXBuildFile; fileRef = 9AF7F2F11C82F63900470A3F /* HomeController.swift */; };
		9AF7F2F41C82F64D00470A3F /* HistoryController.swift in Sources */ = {isa = PBXBuildFile; fileRef = 9AF7F2F31C82F64D00470A3F /* HistoryController.swift */; };
		9AF7F2F61C82F66400470A3F /* MyProfileController.swift in Sources */ = {isa = PBXBuildFile; fileRef = 9AF7F2F51C82F66400470A3F /* MyProfileController.swift */; };
		9AF7F2F81C82F67400470A3F /* SettingController.swift in Sources */ = {isa = PBXBuildFile; fileRef = 9AF7F2F71C82F67400470A3F /* SettingController.swift */; };
		DB0356C3D04F945F32840D97 /* Pods_GourmandTests.framework in Frameworks */ = {isa = PBXBuildFile; fileRef = 14D753141E2A6434BB5FA742 /* Pods_GourmandTests.framework */; };
/* End PBXBuildFile section */

/* Begin PBXContainerItemProxy section */
		9A6F68601C6F01560020BFB6 /* PBXContainerItemProxy */ = {
			isa = PBXContainerItemProxy;
			containerPortal = 9A6F68401C6F01550020BFB6 /* Project object */;
			proxyType = 1;
			remoteGlobalIDString = 9A6F68471C6F01550020BFB6;
			remoteInfo = Gourmand;
		};
		9A6F686B1C6F01560020BFB6 /* PBXContainerItemProxy */ = {
			isa = PBXContainerItemProxy;
			containerPortal = 9A6F68401C6F01550020BFB6 /* Project object */;
			proxyType = 1;
			remoteGlobalIDString = 9A6F68471C6F01550020BFB6;
			remoteInfo = Gourmand;
		};
/* End PBXContainerItemProxy section */

/* Begin PBXFileReference section */
		14CA7C847FB5E60AA0260167 /* Pods-Gourmand.release.xcconfig */ = {isa = PBXFileReference; includeInIndex = 1; lastKnownFileType = text.xcconfig; name = "Pods-Gourmand.release.xcconfig"; path = "Pods/Target Support Files/Pods-Gourmand/Pods-Gourmand.release.xcconfig"; sourceTree = "<group>"; };
		14D753141E2A6434BB5FA742 /* Pods_GourmandTests.framework */ = {isa = PBXFileReference; explicitFileType = wrapper.framework; includeInIndex = 0; path = Pods_GourmandTests.framework; sourceTree = BUILT_PRODUCTS_DIR; };
		194E20D26A0A8B8F5C1C38DB /* Pods-Gourmand.debug.xcconfig */ = {isa = PBXFileReference; includeInIndex = 1; lastKnownFileType = text.xcconfig; name = "Pods-Gourmand.debug.xcconfig"; path = "Pods/Target Support Files/Pods-Gourmand/Pods-Gourmand.debug.xcconfig"; sourceTree = "<group>"; };
		1E8F2858A6ACDD4B7B9B29D9 /* Pods-GourmandUITests.release.xcconfig */ = {isa = PBXFileReference; includeInIndex = 1; lastKnownFileType = text.xcconfig; name = "Pods-GourmandUITests.release.xcconfig"; path = "Pods/Target Support Files/Pods-GourmandUITests/Pods-GourmandUITests.release.xcconfig"; sourceTree = "<group>"; };
		7DE0A63FB0BF259F105C50E5 /* Pods-GourmandTests.debug.xcconfig */ = {isa = PBXFileReference; includeInIndex = 1; lastKnownFileType = text.xcconfig; name = "Pods-GourmandTests.debug.xcconfig"; path = "Pods/Target Support Files/Pods-GourmandTests/Pods-GourmandTests.debug.xcconfig"; sourceTree = "<group>"; };
		842553341C8431B500CF9D94 /* AddressBar.swift */ = {isa = PBXFileReference; fileEncoding = 4; lastKnownFileType = sourcecode.swift; path = AddressBar.swift; sourceTree = "<group>"; };
		842553351C8431B500CF9D94 /* MPGTextField.swift */ = {isa = PBXFileReference; fileEncoding = 4; lastKnownFileType = sourcecode.swift; path = MPGTextField.swift; sourceTree = "<group>"; };
		842553381C8431C000CF9D94 /* Soap.swift */ = {isa = PBXFileReference; fileEncoding = 4; lastKnownFileType = sourcecode.swift; path = Soap.swift; sourceTree = "<group>"; };
		8439E55E1C8D5960000284D7 /* Gourmand-Bridging-Header.h */ = {isa = PBXFileReference; lastKnownFileType = sourcecode.c.h; path = "Gourmand-Bridging-Header.h"; sourceTree = "<group>"; };
		8439E55F1C8D66D9000284D7 /* autoIncrementBuildNumber.sh */ = {isa = PBXFileReference; lastKnownFileType = text.script.sh; path = autoIncrementBuildNumber.sh; sourceTree = "<group>"; };
		845EAC781C85708300419C66 /* LocalDb.swift */ = {isa = PBXFileReference; fileEncoding = 4; lastKnownFileType = sourcecode.swift; path = LocalDb.swift; sourceTree = "<group>"; };
		845EAC7B1C8582B000419C66 /* SearchService.swift */ = {isa = PBXFileReference; fileEncoding = 4; lastKnownFileType = sourcecode.swift; path = SearchService.swift; sourceTree = "<group>"; };
		845EAC7F1C85839800419C66 /* Filter.swift */ = {isa = PBXFileReference; fileEncoding = 4; lastKnownFileType = sourcecode.swift; path = Filter.swift; sourceTree = "<group>"; };
		8498B2D91C8AAC6D009A433E /* SearchOptionController.swift */ = {isa = PBXFileReference; fileEncoding = 4; lastKnownFileType = sourcecode.swift; path = SearchOptionController.swift; sourceTree = "<group>"; };
		8498B2DC1C8AAFCB009A433E /* SearchOptionService.swift */ = {isa = PBXFileReference; fileEncoding = 4; lastKnownFileType = sourcecode.swift; path = SearchOptionService.swift; sourceTree = "<group>"; };
		8498B2DE1C8AB5DD009A433E /* SearchOptionCell.swift */ = {isa = PBXFileReference; fileEncoding = 4; lastKnownFileType = sourcecode.swift; path = SearchOptionCell.swift; sourceTree = "<group>"; };
		8498B2E01C8AC85E009A433E /* SearchBar.swift */ = {isa = PBXFileReference; fileEncoding = 4; lastKnownFileType = sourcecode.swift; path = SearchBar.swift; sourceTree = "<group>"; };
		8498B2E21C8B168A009A433E /* SearchResultController.swift */ = {isa = PBXFileReference; fileEncoding = 4; lastKnownFileType = sourcecode.swift; path = SearchResultController.swift; sourceTree = "<group>"; };
		8498B2E41C8B16F4009A433E /* SearchResultCell.swift */ = {isa = PBXFileReference; fileEncoding = 4; lastKnownFileType = sourcecode.swift; path = SearchResultCell.swift; sourceTree = "<group>"; };
		84ADF1151C85B3E500B60E25 /* CookService.swift */ = {isa = PBXFileReference; fileEncoding = 4; lastKnownFileType = sourcecode.swift; path = CookService.swift; sourceTree = "<group>"; };
		84ADF11E1C86F59100B60E25 /* MosaicUI.framework */ = {isa = PBXFileReference; lastKnownFileType = wrapper.framework; name = MosaicUI.framework; path = "Pods/../build/Debug-iphoneos/MosaicUI.framework"; sourceTree = "<group>"; };
		9A5BD2251C832608009FC1E1 /* SearchPageController.swift */ = {isa = PBXFileReference; fileEncoding = 4; lastKnownFileType = sourcecode.swift; path = SearchPageController.swift; sourceTree = "<group>"; };
		9A6F68481C6F01550020BFB6 /* Gourmand.app */ = {isa = PBXFileReference; explicitFileType = wrapper.application; includeInIndex = 0; path = Gourmand.app; sourceTree = BUILT_PRODUCTS_DIR; };
		9A6F684B1C6F01550020BFB6 /* AppDelegate.swift */ = {isa = PBXFileReference; lastKnownFileType = sourcecode.swift; path = AppDelegate.swift; sourceTree = "<group>"; };
		9A6F684D1C6F01550020BFB6 /* LoginController.swift */ = {isa = PBXFileReference; lastKnownFileType = sourcecode.swift; path = LoginController.swift; sourceTree = "<group>"; };
		9A6F68501C6F01550020BFB6 /* Base */ = {isa = PBXFileReference; lastKnownFileType = file.storyboard; name = Base; path = Base.lproj/Main.storyboard; sourceTree = "<group>"; };
		9A6F68531C6F01550020BFB6 /* Gourmand.xcdatamodel */ = {isa = PBXFileReference; lastKnownFileType = wrapper.xcdatamodel; path = Gourmand.xcdatamodel; sourceTree = "<group>"; };
		9A6F68551C6F01550020BFB6 /* Assets.xcassets */ = {isa = PBXFileReference; lastKnownFileType = folder.assetcatalog; path = Assets.xcassets; sourceTree = "<group>"; };
		9A6F68581C6F01550020BFB6 /* Base */ = {isa = PBXFileReference; lastKnownFileType = file.storyboard; name = Base; path = Base.lproj/LaunchScreen.storyboard; sourceTree = "<group>"; };
		9A6F685A1C6F01550020BFB6 /* Info.plist */ = {isa = PBXFileReference; lastKnownFileType = text.plist.xml; path = Info.plist; sourceTree = "<group>"; };
		9A6F685F1C6F01560020BFB6 /* GourmandTests.xctest */ = {isa = PBXFileReference; explicitFileType = wrapper.cfbundle; includeInIndex = 0; path = GourmandTests.xctest; sourceTree = BUILT_PRODUCTS_DIR; };
		9A6F68631C6F01560020BFB6 /* GourmandTests.swift */ = {isa = PBXFileReference; lastKnownFileType = sourcecode.swift; path = GourmandTests.swift; sourceTree = "<group>"; };
		9A6F68651C6F01560020BFB6 /* Info.plist */ = {isa = PBXFileReference; lastKnownFileType = text.plist.xml; path = Info.plist; sourceTree = "<group>"; };
		9A6F686A1C6F01560020BFB6 /* GourmandUITests.xctest */ = {isa = PBXFileReference; explicitFileType = wrapper.cfbundle; includeInIndex = 0; path = GourmandUITests.xctest; sourceTree = BUILT_PRODUCTS_DIR; };
		9A6F686E1C6F01560020BFB6 /* GourmandUITests.swift */ = {isa = PBXFileReference; lastKnownFileType = sourcecode.swift; path = GourmandUITests.swift; sourceTree = "<group>"; };
		9A6F68701C6F01560020BFB6 /* Info.plist */ = {isa = PBXFileReference; lastKnownFileType = text.plist.xml; path = Info.plist; sourceTree = "<group>"; };
		9A6F68801C6F3D400020BFB6 /* zh-Hans */ = {isa = PBXFileReference; lastKnownFileType = text.plist.strings; name = "zh-Hans"; path = "zh-Hans.lproj/Main.strings"; sourceTree = "<group>"; };
		9A6F68811C6F3D400020BFB6 /* zh-Hans */ = {isa = PBXFileReference; lastKnownFileType = text.plist.strings; name = "zh-Hans"; path = "zh-Hans.lproj/LaunchScreen.strings"; sourceTree = "<group>"; };
		9A6F68821C6F3D660020BFB6 /* fa-IR */ = {isa = PBXFileReference; lastKnownFileType = text.plist.strings; name = "fa-IR"; path = "fa-IR.lproj/Main.strings"; sourceTree = "<group>"; };
		9A6F68831C6F3D660020BFB6 /* fa-IR */ = {isa = PBXFileReference; lastKnownFileType = text.plist.strings; name = "fa-IR"; path = "fa-IR.lproj/LaunchScreen.strings"; sourceTree = "<group>"; };
		9A6F68871C6F3FFA0020BFB6 /* Base */ = {isa = PBXFileReference; lastKnownFileType = text.plist.strings; name = Base; path = Base.lproj/Localizable.strings; sourceTree = "<group>"; };
		9A6F68891C6F40020020BFB6 /* en */ = {isa = PBXFileReference; lastKnownFileType = text.plist.strings; name = en; path = en.lproj/Localizable.strings; sourceTree = "<group>"; };
		9A6F688A1C6F40030020BFB6 /* zh-Hans */ = {isa = PBXFileReference; lastKnownFileType = text.plist.strings; name = "zh-Hans"; path = "zh-Hans.lproj/Localizable.strings"; sourceTree = "<group>"; };
		9A6F688B1C6F40040020BFB6 /* fa-IR */ = {isa = PBXFileReference; lastKnownFileType = text.plist.strings; name = "fa-IR"; path = "fa-IR.lproj/Localizable.strings"; sourceTree = "<group>"; };
		9A74A4871C707C360006605D /* Accounts.framework */ = {isa = PBXFileReference; lastKnownFileType = wrapper.framework; name = Accounts.framework; path = System/Library/Frameworks/Accounts.framework; sourceTree = SDKROOT; };
		9A74A4891C707C4E0006605D /* AudioToolbox.framework */ = {isa = PBXFileReference; lastKnownFileType = wrapper.framework; name = AudioToolbox.framework; path = System/Library/Frameworks/AudioToolbox.framework; sourceTree = SDKROOT; };
		9A74A48B1C707C530006605D /* CFNetwork.framework */ = {isa = PBXFileReference; lastKnownFileType = wrapper.framework; name = CFNetwork.framework; path = System/Library/Frameworks/CFNetwork.framework; sourceTree = SDKROOT; };
		9A74A48D1C707C600006605D /* CoreGraphics.framework */ = {isa = PBXFileReference; lastKnownFileType = wrapper.framework; name = CoreGraphics.framework; path = System/Library/Frameworks/CoreGraphics.framework; sourceTree = SDKROOT; };
		9A74A48F1C707C6D0006605D /* CoreLocation.framework */ = {isa = PBXFileReference; lastKnownFileType = wrapper.framework; name = CoreLocation.framework; path = System/Library/Frameworks/CoreLocation.framework; sourceTree = SDKROOT; };
		9A74A4911C707C840006605D /* QuartzCore.framework */ = {isa = PBXFileReference; lastKnownFileType = wrapper.framework; name = QuartzCore.framework; path = System/Library/Frameworks/QuartzCore.framework; sourceTree = SDKROOT; };
		9A74A4931C707C940006605D /* Security.framework */ = {isa = PBXFileReference; lastKnownFileType = wrapper.framework; name = Security.framework; path = System/Library/Frameworks/Security.framework; sourceTree = SDKROOT; };
		9A74A4951C707CA00006605D /* Social.framework */ = {isa = PBXFileReference; lastKnownFileType = wrapper.framework; name = Social.framework; path = System/Library/Frameworks/Social.framework; sourceTree = SDKROOT; };
		9A74A4971C707CAD0006605D /* StoreKit.framework */ = {isa = PBXFileReference; lastKnownFileType = wrapper.framework; name = StoreKit.framework; path = System/Library/Frameworks/StoreKit.framework; sourceTree = SDKROOT; };
		9A74A4991C707CBA0006605D /* SystemConfiguration.framework */ = {isa = PBXFileReference; lastKnownFileType = wrapper.framework; name = SystemConfiguration.framework; path = System/Library/Frameworks/SystemConfiguration.framework; sourceTree = SDKROOT; };
		9A74A49B1C707CC80006605D /* libz.tbd */ = {isa = PBXFileReference; lastKnownFileType = "sourcecode.text-based-dylib-definition"; name = libz.tbd; path = usr/lib/libz.tbd; sourceTree = SDKROOT; };
		9A74A49D1C707CDD0006605D /* libsqlite3.tbd */ = {isa = PBXFileReference; lastKnownFileType = "sourcecode.text-based-dylib-definition"; name = libsqlite3.tbd; path = usr/lib/libsqlite3.tbd; sourceTree = SDKROOT; };
		9AB7A7AA1C7C496700F7C0F6 /* ParseTwitterUtils.framework */ = {isa = PBXFileReference; lastKnownFileType = wrapper.framework; name = ParseTwitterUtils.framework; path = "Pods/../build/Debug-iphoneos/ParseTwitterUtils.framework"; sourceTree = "<group>"; };
		9ABF7E411C7B2B3E0076D2D4 /* Twitter.framework */ = {isa = PBXFileReference; lastKnownFileType = wrapper.framework; name = Twitter.framework; path = System/Library/Frameworks/Twitter.framework; sourceTree = SDKROOT; };
		9AC2B5E01C73121F0054AADC /* MapViewController.swift */ = {isa = PBXFileReference; fileEncoding = 4; lastKnownFileType = sourcecode.swift; path = MapViewController.swift; sourceTree = "<group>"; };
		9AC6280D1C8D7F8200BAA266 /* 001.jpg */ = {isa = PBXFileReference; lastKnownFileType = image.jpeg; path = 001.jpg; sourceTree = "<group>"; };
		9AC6280E1C8D7F8200BAA266 /* 002.jpg */ = {isa = PBXFileReference; lastKnownFileType = image.jpeg; path = 002.jpg; sourceTree = "<group>"; };
		9AC6280F1C8D7F8200BAA266 /* 003.jpg */ = {isa = PBXFileReference; lastKnownFileType = image.jpeg; path = 003.jpg; sourceTree = "<group>"; };
		9AC628101C8D7F8200BAA266 /* 004.jpg */ = {isa = PBXFileReference; lastKnownFileType = image.jpeg; path = 004.jpg; sourceTree = "<group>"; };
		9AC628111C8D7F8200BAA266 /* 005.jpg */ = {isa = PBXFileReference; lastKnownFileType = image.jpeg; path = 005.jpg; sourceTree = "<group>"; };
		9AC628121C8D7F8200BAA266 /* 006.jpg */ = {isa = PBXFileReference; lastKnownFileType = image.jpeg; path = 006.jpg; sourceTree = "<group>"; };
		9AC628131C8D7F8200BAA266 /* 007.jpg */ = {isa = PBXFileReference; lastKnownFileType = image.jpeg; path = 007.jpg; sourceTree = "<group>"; };
		9AC628141C8D7F8200BAA266 /* 008.jpg */ = {isa = PBXFileReference; lastKnownFileType = image.jpeg; path = 008.jpg; sourceTree = "<group>"; };
		9AC628151C8D7F8200BAA266 /* 009.jpg */ = {isa = PBXFileReference; lastKnownFileType = image.jpeg; path = 009.jpg; sourceTree = "<group>"; };
		9AF40C511C8C40F00005DC9D /* MosaicData.h */ = {isa = PBXFileReference; fileEncoding = 4; lastKnownFileType = sourcecode.c.h; path = MosaicData.h; sourceTree = "<group>"; };
		9AF40C521C8C40F00005DC9D /* MosaicData.m */ = {isa = PBXFileReference; fileEncoding = 4; lastKnownFileType = sourcecode.c.objc; path = MosaicData.m; sourceTree = "<group>"; };
		9AF40C541C8C40F00005DC9D /* TwoDimentionalArray.h */ = {isa = PBXFileReference; fileEncoding = 4; lastKnownFileType = sourcecode.c.h; path = TwoDimentionalArray.h; sourceTree = "<group>"; };
		9AF40C551C8C40F00005DC9D /* TwoDimentionalArray.m */ = {isa = PBXFileReference; fileEncoding = 4; lastKnownFileType = sourcecode.c.objc; path = TwoDimentionalArray.m; sourceTree = "<group>"; };
		9AF40C571C8C40F00005DC9D /* MosaicViewDatasourceProtocol.h */ = {isa = PBXFileReference; fileEncoding = 4; lastKnownFileType = sourcecode.c.h; path = MosaicViewDatasourceProtocol.h; sourceTree = "<group>"; };
		9AF40C581C8C40F00005DC9D /* MosaicViewDelegateProtocol.h */ = {isa = PBXFileReference; fileEncoding = 4; lastKnownFileType = sourcecode.c.h; path = MosaicViewDelegateProtocol.h; sourceTree = "<group>"; };
		9AF40C5A1C8C40F00005DC9D /* MosaicDataView.h */ = {isa = PBXFileReference; fileEncoding = 4; lastKnownFileType = sourcecode.c.h; path = MosaicDataView.h; sourceTree = "<group>"; };
		9AF40C5B1C8C40F00005DC9D /* MosaicDataView.m */ = {isa = PBXFileReference; fileEncoding = 4; lastKnownFileType = sourcecode.c.objc; path = MosaicDataView.m; sourceTree = "<group>"; };
		9AF40C5C1C8C40F00005DC9D /* MosaicView.h */ = {isa = PBXFileReference; fileEncoding = 4; lastKnownFileType = sourcecode.c.h; path = MosaicView.h; sourceTree = "<group>"; };
		9AF40C5D1C8C40F00005DC9D /* MosaicView.m */ = {isa = PBXFileReference; fileEncoding = 4; lastKnownFileType = sourcecode.c.objc; path = MosaicView.m; sourceTree = "<group>"; };
		9AF40C6D1C8C418D0005DC9D /* data.json */ = {isa = PBXFileReference; fileEncoding = 4; lastKnownFileType = text.json; path = data.json; sourceTree = "<group>"; };
		9AF40C7B1C8C461E0005DC9D /* HomeViewController.h */ = {isa = PBXFileReference; fileEncoding = 4; lastKnownFileType = sourcecode.c.h; path = HomeViewController.h; sourceTree = "<group>"; };
		9AF40C7C1C8C463D0005DC9D /* HomeViewController.m */ = {isa = PBXFileReference; fileEncoding = 4; lastKnownFileType = sourcecode.c.objc; path = HomeViewController.m; sourceTree = "<group>"; };
		9AF40C7F1C8C46580005DC9D /* HomeViewDataSet.h */ = {isa = PBXFileReference; fileEncoding = 4; lastKnownFileType = sourcecode.c.h; path = HomeViewDataSet.h; sourceTree = "<group>"; };
		9AF40C801C8C46690005DC9D /* HomeViewDataSet.m */ = {isa = PBXFileReference; fileEncoding = 4; lastKnownFileType = sourcecode.c.objc; path = HomeViewDataSet.m; sourceTree = "<group>"; };
		9AF7F2EF1C82F62200470A3F /* SearchController.swift */ = {isa = PBXFileReference; fileEncoding = 4; lastKnownFileType = sourcecode.swift; path = SearchController.swift; sourceTree = "<group>"; };
		9AF7F2F11C82F63900470A3F /* HomeController.swift */ = {isa = PBXFileReference; fileEncoding = 4; lastKnownFileType = sourcecode.swift; path = HomeController.swift; sourceTree = "<group>"; };
		9AF7F2F31C82F64D00470A3F /* HistoryController.swift */ = {isa = PBXFileReference; fileEncoding = 4; lastKnownFileType = sourcecode.swift; path = HistoryController.swift; sourceTree = "<group>"; };
		9AF7F2F51C82F66400470A3F /* MyProfileController.swift */ = {isa = PBXFileReference; fileEncoding = 4; lastKnownFileType = sourcecode.swift; path = MyProfileController.swift; sourceTree = "<group>"; };
		9AF7F2F71C82F67400470A3F /* SettingController.swift */ = {isa = PBXFileReference; fileEncoding = 4; lastKnownFileType = sourcecode.swift; path = SettingController.swift; sourceTree = "<group>"; };
		A57CBA013C1C71460DD7D007 /* Pods_Gourmand.framework */ = {isa = PBXFileReference; explicitFileType = wrapper.framework; includeInIndex = 0; path = Pods_Gourmand.framework; sourceTree = BUILT_PRODUCTS_DIR; };
		BDCE330A8CB7720CEF6649F2 /* Pods_GourmandUITests.framework */ = {isa = PBXFileReference; explicitFileType = wrapper.framework; includeInIndex = 0; path = Pods_GourmandUITests.framework; sourceTree = BUILT_PRODUCTS_DIR; };
		C6EA6623CB74DAE870509538 /* Pods-GourmandTests.release.xcconfig */ = {isa = PBXFileReference; includeInIndex = 1; lastKnownFileType = text.xcconfig; name = "Pods-GourmandTests.release.xcconfig"; path = "Pods/Target Support Files/Pods-GourmandTests/Pods-GourmandTests.release.xcconfig"; sourceTree = "<group>"; };
		E59DBE1C541B679C54B36824 /* Pods-GourmandUITests.debug.xcconfig */ = {isa = PBXFileReference; includeInIndex = 1; lastKnownFileType = text.xcconfig; name = "Pods-GourmandUITests.debug.xcconfig"; path = "Pods/Target Support Files/Pods-GourmandUITests/Pods-GourmandUITests.debug.xcconfig"; sourceTree = "<group>"; };
/* End PBXFileReference section */

/* Begin PBXFrameworksBuildPhase section */
		9A6F68451C6F01550020BFB6 /* Frameworks */ = {
			isa = PBXFrameworksBuildPhase;
			buildActionMask = 2147483647;
			files = (
				9A74A4961C707CA00006605D /* Social.framework in Frameworks */,
				9A74A49E1C707CDD0006605D /* libsqlite3.tbd in Frameworks */,
				9A74A49C1C707CC80006605D /* libz.tbd in Frameworks */,
				9A74A49A1C707CBA0006605D /* SystemConfiguration.framework in Frameworks */,
				9A74A4981C707CAD0006605D /* StoreKit.framework in Frameworks */,
				9A74A4941C707C940006605D /* Security.framework in Frameworks */,
				9A74A4921C707C840006605D /* QuartzCore.framework in Frameworks */,
				9A74A4901C707C6D0006605D /* CoreLocation.framework in Frameworks */,
				9A74A48E1C707C600006605D /* CoreGraphics.framework in Frameworks */,
				9A74A48C1C707C530006605D /* CFNetwork.framework in Frameworks */,
				9A74A48A1C707C4E0006605D /* AudioToolbox.framework in Frameworks */,
				9A74A4881C707C360006605D /* Accounts.framework in Frameworks */,
				2791E6A9BB3F416029B3E4EA /* Pods_Gourmand.framework in Frameworks */,
			);
			runOnlyForDeploymentPostprocessing = 0;
		};
		9A6F685C1C6F01560020BFB6 /* Frameworks */ = {
			isa = PBXFrameworksBuildPhase;
			buildActionMask = 2147483647;
			files = (
				DB0356C3D04F945F32840D97 /* Pods_GourmandTests.framework in Frameworks */,
			);
			runOnlyForDeploymentPostprocessing = 0;
		};
		9A6F68671C6F01560020BFB6 /* Frameworks */ = {
			isa = PBXFrameworksBuildPhase;
			buildActionMask = 2147483647;
			files = (
				5510BCE53F35E55323F1E03F /* Pods_GourmandUITests.framework in Frameworks */,
			);
			runOnlyForDeploymentPostprocessing = 0;
		};
/* End PBXFrameworksBuildPhase section */

/* Begin PBXGroup section */
		298E442DBFB5861378177078 /* Pods */ = {
			isa = PBXGroup;
			children = (
				194E20D26A0A8B8F5C1C38DB /* Pods-Gourmand.debug.xcconfig */,
				14CA7C847FB5E60AA0260167 /* Pods-Gourmand.release.xcconfig */,
				7DE0A63FB0BF259F105C50E5 /* Pods-GourmandTests.debug.xcconfig */,
				C6EA6623CB74DAE870509538 /* Pods-GourmandTests.release.xcconfig */,
				E59DBE1C541B679C54B36824 /* Pods-GourmandUITests.debug.xcconfig */,
				1E8F2858A6ACDD4B7B9B29D9 /* Pods-GourmandUITests.release.xcconfig */,
			);
			name = Pods;
			sourceTree = "<group>";
		};
		843928511C81B35A0038E333 /* WebService */ = {
			isa = PBXGroup;
			children = (
				842553381C8431C000CF9D94 /* Soap.swift */,
			);
			name = WebService;
			sourceTree = "<group>";
		};
		843928561C82E5E40038E333 /* Components */ = {
			isa = PBXGroup;
			children = (
				842553341C8431B500CF9D94 /* AddressBar.swift */,
				842553351C8431B500CF9D94 /* MPGTextField.swift */,
				8498B2DE1C8AB5DD009A433E /* SearchOptionCell.swift */,
				8498B2E01C8AC85E009A433E /* SearchBar.swift */,
				8498B2E41C8B16F4009A433E /* SearchResultCell.swift */,
			);
			name = Components;
			sourceTree = "<group>";
		};
		845EAC771C85705C00419C66 /* DBHelper */ = {
			isa = PBXGroup;
			children = (
				845EAC781C85708300419C66 /* LocalDb.swift */,
			);
			name = DBHelper;
			sourceTree = "<group>";
		};
		845EAC7A1C85828400419C66 /* Services */ = {
			isa = PBXGroup;
			children = (
				8498B2DB1C8AAE10009A433E /* SearchOption Service */,
				84ADF1141C85B3D200B60E25 /* Cook Service */,
				845EAC7D1C8582E200419C66 /* Search Service */,
			);
			name = Services;
			sourceTree = "<group>";
		};
		845EAC7D1C8582E200419C66 /* Search Service */ = {
			isa = PBXGroup;
			children = (
				845EAC7B1C8582B000419C66 /* SearchService.swift */,
				845EAC7F1C85839800419C66 /* Filter.swift */,
			);
			name = "Search Service";
			sourceTree = "<group>";
		};
		8498B2DB1C8AAE10009A433E /* SearchOption Service */ = {
			isa = PBXGroup;
			children = (
				8498B2DC1C8AAFCB009A433E /* SearchOptionService.swift */,
			);
			name = "SearchOption Service";
			sourceTree = "<group>";
		};
		84ADF1141C85B3D200B60E25 /* Cook Service */ = {
			isa = PBXGroup;
			children = (
				84ADF1151C85B3E500B60E25 /* CookService.swift */,
			);
			name = "Cook Service";
			sourceTree = "<group>";
		};
		9A6F683F1C6F01550020BFB6 = {
			isa = PBXGroup;
			children = (
				8439E55F1C8D66D9000284D7 /* autoIncrementBuildNumber.sh */,
				9A6F684A1C6F01550020BFB6 /* Gourmand */,
				9A74A49F1C707D380006605D /* lib */,
				9A6F68621C6F01560020BFB6 /* GourmandTests */,
				9A6F686D1C6F01560020BFB6 /* GourmandUITests */,
				9A6F68491C6F01550020BFB6 /* Products */,
				298E442DBFB5861378177078 /* Pods */,
				ADAAD0757119C8AB69A9C319 /* Frameworks */,
			);
			sourceTree = "<group>";
		};
		9A6F68491C6F01550020BFB6 /* Products */ = {
			isa = PBXGroup;
			children = (
				9A6F68481C6F01550020BFB6 /* Gourmand.app */,
				9A6F685F1C6F01560020BFB6 /* GourmandTests.xctest */,
				9A6F686A1C6F01560020BFB6 /* GourmandUITests.xctest */,
			);
			name = Products;
			sourceTree = "<group>";
		};
		9A6F684A1C6F01550020BFB6 /* Gourmand */ = {
			isa = PBXGroup;
			children = (
				9AF40C621C8C418D0005DC9D /* Resources */,
				9AF40C4F1C8C40F00005DC9D /* MosaicUI */,
				845EAC7A1C85828400419C66 /* Services */,
				845EAC771C85705C00419C66 /* DBHelper */,
				843928561C82E5E40038E333 /* Components */,
				843928511C81B35A0038E333 /* WebService */,
				9AC2B5E21C7319160054AADC /* Controller */,
				9A6F684B1C6F01550020BFB6 /* AppDelegate.swift */,
				9A6F684F1C6F01550020BFB6 /* Main.storyboard */,
				9A6F68551C6F01550020BFB6 /* Assets.xcassets */,
				9A6F68571C6F01550020BFB6 /* LaunchScreen.storyboard */,
				9A6F685A1C6F01550020BFB6 /* Info.plist */,
				9A6F68521C6F01550020BFB6 /* Gourmand.xcdatamodeld */,
				9A6F68881C6F3FFA0020BFB6 /* Localizable.strings */,
				8439E55E1C8D5960000284D7 /* Gourmand-Bridging-Header.h */,
			);
			path = Gourmand;
			sourceTree = "<group>";
		};
		9A6F68621C6F01560020BFB6 /* GourmandTests */ = {
			isa = PBXGroup;
			children = (
				9A6F68631C6F01560020BFB6 /* GourmandTests.swift */,
				9A6F68651C6F01560020BFB6 /* Info.plist */,
			);
			path = GourmandTests;
			sourceTree = "<group>";
		};
		9A6F686D1C6F01560020BFB6 /* GourmandUITests */ = {
			isa = PBXGroup;
			children = (
				9A6F686E1C6F01560020BFB6 /* GourmandUITests.swift */,
				9A6F68701C6F01560020BFB6 /* Info.plist */,
			);
			path = GourmandUITests;
			sourceTree = "<group>";
		};
		9A74A49F1C707D380006605D /* lib */ = {
			isa = PBXGroup;
			children = (
				9A74A49D1C707CDD0006605D /* libsqlite3.tbd */,
				9A74A49B1C707CC80006605D /* libz.tbd */,
				9A74A4991C707CBA0006605D /* SystemConfiguration.framework */,
				9A74A4971C707CAD0006605D /* StoreKit.framework */,
				9A74A4951C707CA00006605D /* Social.framework */,
				9A74A4931C707C940006605D /* Security.framework */,
				9A74A4911C707C840006605D /* QuartzCore.framework */,
				9A74A48F1C707C6D0006605D /* CoreLocation.framework */,
				9A74A48D1C707C600006605D /* CoreGraphics.framework */,
				9A74A48B1C707C530006605D /* CFNetwork.framework */,
				9A74A4891C707C4E0006605D /* AudioToolbox.framework */,
				9A74A4871C707C360006605D /* Accounts.framework */,
			);
			name = lib;
			sourceTree = "<group>";
		};
		9AC2B5E21C7319160054AADC /* Controller */ = {
			isa = PBXGroup;
			children = (
				9AF40C781C8C45BC0005DC9D /* Home */,
				9AC2B5E01C73121F0054AADC /* MapViewController.swift */,
				9A6F684D1C6F01550020BFB6 /* LoginController.swift */,
				9AF7F2EF1C82F62200470A3F /* SearchController.swift */,
				9AF7F2F31C82F64D00470A3F /* HistoryController.swift */,
				9AF7F2F51C82F66400470A3F /* MyProfileController.swift */,
				9AF7F2F71C82F67400470A3F /* SettingController.swift */,
				9A5BD2251C832608009FC1E1 /* SearchPageController.swift */,
				8498B2D91C8AAC6D009A433E /* SearchOptionController.swift */,
				8498B2E21C8B168A009A433E /* SearchResultController.swift */,
			);
			name = Controller;
			sourceTree = "<group>";
		};
		9AF40C4F1C8C40F00005DC9D /* MosaicUI */ = {
			isa = PBXGroup;
			children = (
				9AF40C501C8C40F00005DC9D /* Entities */,
				9AF40C531C8C40F00005DC9D /* Logic */,
				9AF40C561C8C40F00005DC9D /* Protocols */,
				9AF40C591C8C40F00005DC9D /* Views */,
			);
			path = MosaicUI;
			sourceTree = "<group>";
		};
		9AF40C501C8C40F00005DC9D /* Entities */ = {
			isa = PBXGroup;
			children = (
				9AF40C511C8C40F00005DC9D /* MosaicData.h */,
				9AF40C521C8C40F00005DC9D /* MosaicData.m */,
			);
			path = Entities;
			sourceTree = "<group>";
		};
		9AF40C531C8C40F00005DC9D /* Logic */ = {
			isa = PBXGroup;
			children = (
				9AF40C541C8C40F00005DC9D /* TwoDimentionalArray.h */,
				9AF40C551C8C40F00005DC9D /* TwoDimentionalArray.m */,
			);
			path = Logic;
			sourceTree = "<group>";
		};
		9AF40C561C8C40F00005DC9D /* Protocols */ = {
			isa = PBXGroup;
			children = (
				9AF40C571C8C40F00005DC9D /* MosaicViewDatasourceProtocol.h */,
				9AF40C581C8C40F00005DC9D /* MosaicViewDelegateProtocol.h */,
			);
			path = Protocols;
			sourceTree = "<group>";
		};
		9AF40C591C8C40F00005DC9D /* Views */ = {
			isa = PBXGroup;
			children = (
				9AF40C5A1C8C40F00005DC9D /* MosaicDataView.h */,
				9AF40C5B1C8C40F00005DC9D /* MosaicDataView.m */,
				9AF40C5C1C8C40F00005DC9D /* MosaicView.h */,
				9AF40C5D1C8C40F00005DC9D /* MosaicView.m */,
			);
			path = Views;
			sourceTree = "<group>";
		};
		9AF40C621C8C418D0005DC9D /* Resources */ = {
			isa = PBXGroup;
			children = (
				9AF40C631C8C418D0005DC9D /* Assets */,
				9AF40C6D1C8C418D0005DC9D /* data.json */,
			);
			path = Resources;
			sourceTree = "<group>";
		};
		9AF40C631C8C418D0005DC9D /* Assets */ = {
			isa = PBXGroup;
			children = (
				9AC6280D1C8D7F8200BAA266 /* 001.jpg */,
				9AC6280E1C8D7F8200BAA266 /* 002.jpg */,
				9AC6280F1C8D7F8200BAA266 /* 003.jpg */,
				9AC628101C8D7F8200BAA266 /* 004.jpg */,
				9AC628111C8D7F8200BAA266 /* 005.jpg */,
				9AC628121C8D7F8200BAA266 /* 006.jpg */,
				9AC628131C8D7F8200BAA266 /* 007.jpg */,
				9AC628141C8D7F8200BAA266 /* 008.jpg */,
				9AC628151C8D7F8200BAA266 /* 009.jpg */,
			);
			path = Assets;
			sourceTree = "<group>";
		};
		9AF40C781C8C45BC0005DC9D /* Home */ = {
			isa = PBXGroup;
			children = (
				9AF40C7A1C8C45F40005DC9D /* dataset */,
				9AF40C791C8C45EB0005DC9D /* controller */,
				9AF7F2F11C82F63900470A3F /* HomeController.swift */,
			);
			name = Home;
			sourceTree = "<group>";
		};
		9AF40C791C8C45EB0005DC9D /* controller */ = {
			isa = PBXGroup;
			children = (
				9AF40C7B1C8C461E0005DC9D /* HomeViewController.h */,
				9AF40C7C1C8C463D0005DC9D /* HomeViewController.m */,
			);
			name = controller;
			sourceTree = "<group>";
		};
		9AF40C7A1C8C45F40005DC9D /* dataset */ = {
			isa = PBXGroup;
			children = (
				9AF40C7F1C8C46580005DC9D /* HomeViewDataSet.h */,
				9AF40C801C8C46690005DC9D /* HomeViewDataSet.m */,
			);
			name = dataset;
			sourceTree = "<group>";
		};
		ADAAD0757119C8AB69A9C319 /* Frameworks */ = {
			isa = PBXGroup;
			children = (
				84ADF11E1C86F59100B60E25 /* MosaicUI.framework */,
				9AB7A7AA1C7C496700F7C0F6 /* ParseTwitterUtils.framework */,
				9ABF7E411C7B2B3E0076D2D4 /* Twitter.framework */,
				A57CBA013C1C71460DD7D007 /* Pods_Gourmand.framework */,
				14D753141E2A6434BB5FA742 /* Pods_GourmandTests.framework */,
				BDCE330A8CB7720CEF6649F2 /* Pods_GourmandUITests.framework */,
			);
			name = Frameworks;
			sourceTree = "<group>";
		};
/* End PBXGroup section */

/* Begin PBXNativeTarget section */
		9A6F68471C6F01550020BFB6 /* Gourmand */ = {
			isa = PBXNativeTarget;
			buildConfigurationList = 9A6F68731C6F01560020BFB6 /* Build configuration list for PBXNativeTarget "Gourmand" */;
			buildPhases = (
				E748ACB38D7972A533865C11 /* Check Pods Manifest.lock */,
				9A6F68441C6F01550020BFB6 /* Sources */,
				9A6F68451C6F01550020BFB6 /* Frameworks */,
				9A6F68461C6F01550020BFB6 /* Resources */,
				B6A2A01CAF7ECCC9B0F1C08C /* Embed Pods Frameworks */,
				66C0D4FC2BD78D5095C68C56 /* Copy Pods Resources */,
				8439E5601C8D6735000284D7 /* ShellScript */,
			);
			buildRules = (
			);
			dependencies = (
			);
			name = Gourmand;
			productName = Gourmand;
			productReference = 9A6F68481C6F01550020BFB6 /* Gourmand.app */;
			productType = "com.apple.product-type.application";
		};
		9A6F685E1C6F01560020BFB6 /* GourmandTests */ = {
			isa = PBXNativeTarget;
			buildConfigurationList = 9A6F68761C6F01560020BFB6 /* Build configuration list for PBXNativeTarget "GourmandTests" */;
			buildPhases = (
				B460E9567A13FCA27D2357BE /* Check Pods Manifest.lock */,
				9A6F685B1C6F01560020BFB6 /* Sources */,
				9A6F685C1C6F01560020BFB6 /* Frameworks */,
				9A6F685D1C6F01560020BFB6 /* Resources */,
				F3F0BB6712DD7062DCC60972 /* Embed Pods Frameworks */,
				86B7E8F758A288ABE4BD9239 /* Copy Pods Resources */,
			);
			buildRules = (
			);
			dependencies = (
				9A6F68611C6F01560020BFB6 /* PBXTargetDependency */,
			);
			name = GourmandTests;
			productName = GourmandTests;
			productReference = 9A6F685F1C6F01560020BFB6 /* GourmandTests.xctest */;
			productType = "com.apple.product-type.bundle.unit-test";
		};
		9A6F68691C6F01560020BFB6 /* GourmandUITests */ = {
			isa = PBXNativeTarget;
			buildConfigurationList = 9A6F68791C6F01560020BFB6 /* Build configuration list for PBXNativeTarget "GourmandUITests" */;
			buildPhases = (
				694CE16A5038BB29CC30CA13 /* Check Pods Manifest.lock */,
				9A6F68661C6F01560020BFB6 /* Sources */,
				9A6F68671C6F01560020BFB6 /* Frameworks */,
				9A6F68681C6F01560020BFB6 /* Resources */,
				D6CA97505D59ED0BB5192AB3 /* Copy Pods Resources */,
			);
			buildRules = (
			);
			dependencies = (
				9A6F686C1C6F01560020BFB6 /* PBXTargetDependency */,
			);
			name = GourmandUITests;
			productName = GourmandUITests;
			productReference = 9A6F686A1C6F01560020BFB6 /* GourmandUITests.xctest */;
			productType = "com.apple.product-type.bundle.ui-testing";
		};
/* End PBXNativeTarget section */

/* Begin PBXProject section */
		9A6F68401C6F01550020BFB6 /* Project object */ = {
			isa = PBXProject;
			attributes = {
				LastSwiftUpdateCheck = 0720;
				LastUpgradeCheck = 0720;
				ORGANIZATIONNAME = MacMini;
				TargetAttributes = {
					9A6F68471C6F01550020BFB6 = {
						CreatedOnToolsVersion = 7.2.1;
						DevelopmentTeam = 2W8Q7DAV6P;
					};
					9A6F685E1C6F01560020BFB6 = {
						CreatedOnToolsVersion = 7.2.1;
						TestTargetID = 9A6F68471C6F01550020BFB6;
					};
					9A6F68691C6F01560020BFB6 = {
						CreatedOnToolsVersion = 7.2.1;
						TestTargetID = 9A6F68471C6F01550020BFB6;
					};
				};
			};
			buildConfigurationList = 9A6F68431C6F01550020BFB6 /* Build configuration list for PBXProject "Gourmand" */;
			compatibilityVersion = "Xcode 3.2";
			developmentRegion = English;
			hasScannedForEncodings = 0;
			knownRegions = (
				en,
				Base,
				"zh-Hans",
				"fa-IR",
			);
			mainGroup = 9A6F683F1C6F01550020BFB6;
			productRefGroup = 9A6F68491C6F01550020BFB6 /* Products */;
			projectDirPath = "";
			projectRoot = "";
			targets = (
				9A6F68471C6F01550020BFB6 /* Gourmand */,
				9A6F685E1C6F01560020BFB6 /* GourmandTests */,
				9A6F68691C6F01560020BFB6 /* GourmandUITests */,
			);
		};
/* End PBXProject section */

/* Begin PBXResourcesBuildPhase section */
		9A6F68461C6F01550020BFB6 /* Resources */ = {
			isa = PBXResourcesBuildPhase;
			buildActionMask = 2147483647;
			files = (
				9AF40C771C8C418D0005DC9D /* data.json in Resources */,
				9AC628181C8D7F8200BAA266 /* 003.jpg in Resources */,
				9A6F68591C6F01550020BFB6 /* LaunchScreen.storyboard in Resources */,
				9AC628191C8D7F8200BAA266 /* 004.jpg in Resources */,
				9AC628171C8D7F8200BAA266 /* 002.jpg in Resources */,
				9AC6281A1C8D7F8200BAA266 /* 005.jpg in Resources */,
				9AC6281D1C8D7F8200BAA266 /* 008.jpg in Resources */,
				9A6F68561C6F01550020BFB6 /* Assets.xcassets in Resources */,
				9AC628161C8D7F8200BAA266 /* 001.jpg in Resources */,
				9AC6281E1C8D7F8200BAA266 /* 009.jpg in Resources */,
				9A6F68861C6F3FFA0020BFB6 /* Localizable.strings in Resources */,
				9AC6281C1C8D7F8200BAA266 /* 007.jpg in Resources */,
				9AC6281B1C8D7F8200BAA266 /* 006.jpg in Resources */,
				9A6F68511C6F01550020BFB6 /* Main.storyboard in Resources */,
			);
			runOnlyForDeploymentPostprocessing = 0;
		};
		9A6F685D1C6F01560020BFB6 /* Resources */ = {
			isa = PBXResourcesBuildPhase;
			buildActionMask = 2147483647;
			files = (
			);
			runOnlyForDeploymentPostprocessing = 0;
		};
		9A6F68681C6F01560020BFB6 /* Resources */ = {
			isa = PBXResourcesBuildPhase;
			buildActionMask = 2147483647;
			files = (
			);
			runOnlyForDeploymentPostprocessing = 0;
		};
/* End PBXResourcesBuildPhase section */

/* Begin PBXShellScriptBuildPhase section */
		66C0D4FC2BD78D5095C68C56 /* Copy Pods Resources */ = {
			isa = PBXShellScriptBuildPhase;
			buildActionMask = 2147483647;
			files = (
			);
			inputPaths = (
			);
			name = "Copy Pods Resources";
			outputPaths = (
			);
			runOnlyForDeploymentPostprocessing = 0;
			shellPath = /bin/sh;
			shellScript = "\"${SRCROOT}/Pods/Target Support Files/Pods-Gourmand/Pods-Gourmand-resources.sh\"\n";
			showEnvVarsInLog = 0;
		};
		694CE16A5038BB29CC30CA13 /* Check Pods Manifest.lock */ = {
			isa = PBXShellScriptBuildPhase;
			buildActionMask = 2147483647;
			files = (
			);
			inputPaths = (
			);
			name = "Check Pods Manifest.lock";
			outputPaths = (
			);
			runOnlyForDeploymentPostprocessing = 0;
			shellPath = /bin/sh;
			shellScript = "diff \"${PODS_ROOT}/../Podfile.lock\" \"${PODS_ROOT}/Manifest.lock\" > /dev/null\nif [[ $? != 0 ]] ; then\n    cat << EOM\nerror: The sandbox is not in sync with the Podfile.lock. Run 'pod install' or update your CocoaPods installation.\nEOM\n    exit 1\nfi\n";
			showEnvVarsInLog = 0;
		};
		8439E5601C8D6735000284D7 /* ShellScript */ = {
			isa = PBXShellScriptBuildPhase;
			buildActionMask = 2147483647;
			files = (
			);
			inputPaths = (
			);
			outputPaths = (
			);
			runOnlyForDeploymentPostprocessing = 0;
			shellPath = /bin/sh;
			shellScript = ./autoIncrementBuildNumber.sh;
		};
		86B7E8F758A288ABE4BD9239 /* Copy Pods Resources */ = {
			isa = PBXShellScriptBuildPhase;
			buildActionMask = 2147483647;
			files = (
			);
			inputPaths = (
			);
			name = "Copy Pods Resources";
			outputPaths = (
			);
			runOnlyForDeploymentPostprocessing = 0;
			shellPath = /bin/sh;
			shellScript = "\"${SRCROOT}/Pods/Target Support Files/Pods-GourmandTests/Pods-GourmandTests-resources.sh\"\n";
			showEnvVarsInLog = 0;
		};
		B460E9567A13FCA27D2357BE /* Check Pods Manifest.lock */ = {
			isa = PBXShellScriptBuildPhase;
			buildActionMask = 2147483647;
			files = (
			);
			inputPaths = (
			);
			name = "Check Pods Manifest.lock";
			outputPaths = (
			);
			runOnlyForDeploymentPostprocessing = 0;
			shellPath = /bin/sh;
			shellScript = "diff \"${PODS_ROOT}/../Podfile.lock\" \"${PODS_ROOT}/Manifest.lock\" > /dev/null\nif [[ $? != 0 ]] ; then\n    cat << EOM\nerror: The sandbox is not in sync with the Podfile.lock. Run 'pod install' or update your CocoaPods installation.\nEOM\n    exit 1\nfi\n";
			showEnvVarsInLog = 0;
		};
		B6A2A01CAF7ECCC9B0F1C08C /* Embed Pods Frameworks */ = {
			isa = PBXShellScriptBuildPhase;
			buildActionMask = 2147483647;
			files = (
			);
			inputPaths = (
			);
			name = "Embed Pods Frameworks";
			outputPaths = (
			);
			runOnlyForDeploymentPostprocessing = 0;
			shellPath = /bin/sh;
			shellScript = "\"${SRCROOT}/Pods/Target Support Files/Pods-Gourmand/Pods-Gourmand-frameworks.sh\"\n";
			showEnvVarsInLog = 0;
		};
		D6CA97505D59ED0BB5192AB3 /* Copy Pods Resources */ = {
			isa = PBXShellScriptBuildPhase;
			buildActionMask = 2147483647;
			files = (
			);
			inputPaths = (
			);
			name = "Copy Pods Resources";
			outputPaths = (
			);
			runOnlyForDeploymentPostprocessing = 0;
			shellPath = /bin/sh;
			shellScript = "\"${SRCROOT}/Pods/Target Support Files/Pods-GourmandUITests/Pods-GourmandUITests-resources.sh\"\n";
			showEnvVarsInLog = 0;
		};
		E748ACB38D7972A533865C11 /* Check Pods Manifest.lock */ = {
			isa = PBXShellScriptBuildPhase;
			buildActionMask = 2147483647;
			files = (
			);
			inputPaths = (
			);
			name = "Check Pods Manifest.lock";
			outputPaths = (
			);
			runOnlyForDeploymentPostprocessing = 0;
			shellPath = /bin/sh;
			shellScript = "diff \"${PODS_ROOT}/../Podfile.lock\" \"${PODS_ROOT}/Manifest.lock\" > /dev/null\nif [[ $? != 0 ]] ; then\n    cat << EOM\nerror: The sandbox is not in sync with the Podfile.lock. Run 'pod install' or update your CocoaPods installation.\nEOM\n    exit 1\nfi\n";
			showEnvVarsInLog = 0;
		};
		F3F0BB6712DD7062DCC60972 /* Embed Pods Frameworks */ = {
			isa = PBXShellScriptBuildPhase;
			buildActionMask = 2147483647;
			files = (
			);
			inputPaths = (
			);
			name = "Embed Pods Frameworks";
			outputPaths = (
			);
			runOnlyForDeploymentPostprocessing = 0;
			shellPath = /bin/sh;
			shellScript = "\"${SRCROOT}/Pods/Target Support Files/Pods-GourmandTests/Pods-GourmandTests-frameworks.sh\"\n";
			showEnvVarsInLog = 0;
		};
/* End PBXShellScriptBuildPhase section */

/* Begin PBXSourcesBuildPhase section */
		9A6F68441C6F01550020BFB6 /* Sources */ = {
			isa = PBXSourcesBuildPhase;
			buildActionMask = 2147483647;
			files = (
				8498B2DF1C8AB5DD009A433E /* SearchOptionCell.swift in Sources */,
				842553361C8431B500CF9D94 /* AddressBar.swift in Sources */,
				9AF40C811C8C46690005DC9D /* HomeViewDataSet.m in Sources */,
				9AF7F2F01C82F62200470A3F /* SearchController.swift in Sources */,
				842553371C8431B500CF9D94 /* MPGTextField.swift in Sources */,
				9AF7F2F61C82F66400470A3F /* MyProfileController.swift in Sources */,
				9AF40C5E1C8C40F00005DC9D /* MosaicData.m in Sources */,
				9A5BD2261C832608009FC1E1 /* SearchPageController.swift in Sources */,
				9A6F684E1C6F01550020BFB6 /* LoginController.swift in Sources */,
				8498B2DA1C8AAC6D009A433E /* SearchOptionController.swift in Sources */,
				9A6F68541C6F01550020BFB6 /* Gourmand.xcdatamodeld in Sources */,
				84ADF1161C85B3E500B60E25 /* CookService.swift in Sources */,
				8498B2E31C8B168A009A433E /* SearchResultController.swift in Sources */,
				8498B2DD1C8AAFCB009A433E /* SearchOptionService.swift in Sources */,
				9AF40C611C8C40F00005DC9D /* MosaicView.m in Sources */,
				8498B2E51C8B16F4009A433E /* SearchResultCell.swift in Sources */,
				9AF40C601C8C40F00005DC9D /* MosaicDataView.m in Sources */,
				9AF7F2F41C82F64D00470A3F /* HistoryController.swift in Sources */,
				9AF40C5F1C8C40F00005DC9D /* TwoDimentionalArray.m in Sources */,
				842553391C8431C000CF9D94 /* Soap.swift in Sources */,
				9AF40C7D1C8C463D0005DC9D /* HomeViewController.m in Sources */,
				9A6F684C1C6F01550020BFB6 /* AppDelegate.swift in Sources */,
				8498B2E11C8AC85E009A433E /* SearchBar.swift in Sources */,
				9AF7F2F21C82F63900470A3F /* HomeController.swift in Sources */,
				9AF7F2F81C82F67400470A3F /* SettingController.swift in Sources */,
				845EAC7C1C8582B000419C66 /* SearchService.swift in Sources */,
				845EAC801C85839800419C66 /* Filter.swift in Sources */,
				9AC2B5E11C73121F0054AADC /* MapViewController.swift in Sources */,
				845EAC791C85708300419C66 /* LocalDb.swift in Sources */,
			);
			runOnlyForDeploymentPostprocessing = 0;
		};
		9A6F685B1C6F01560020BFB6 /* Sources */ = {
			isa = PBXSourcesBuildPhase;
			buildActionMask = 2147483647;
			files = (
				9A6F68641C6F01560020BFB6 /* GourmandTests.swift in Sources */,
			);
			runOnlyForDeploymentPostprocessing = 0;
		};
		9A6F68661C6F01560020BFB6 /* Sources */ = {
			isa = PBXSourcesBuildPhase;
			buildActionMask = 2147483647;
			files = (
				9A6F686F1C6F01560020BFB6 /* GourmandUITests.swift in Sources */,
			);
			runOnlyForDeploymentPostprocessing = 0;
		};
/* End PBXSourcesBuildPhase section */

/* Begin PBXTargetDependency section */
		9A6F68611C6F01560020BFB6 /* PBXTargetDependency */ = {
			isa = PBXTargetDependency;
			target = 9A6F68471C6F01550020BFB6 /* Gourmand */;
			targetProxy = 9A6F68601C6F01560020BFB6 /* PBXContainerItemProxy */;
		};
		9A6F686C1C6F01560020BFB6 /* PBXTargetDependency */ = {
			isa = PBXTargetDependency;
			target = 9A6F68471C6F01550020BFB6 /* Gourmand */;
			targetProxy = 9A6F686B1C6F01560020BFB6 /* PBXContainerItemProxy */;
		};
/* End PBXTargetDependency section */

/* Begin PBXVariantGroup section */
		9A6F684F1C6F01550020BFB6 /* Main.storyboard */ = {
			isa = PBXVariantGroup;
			children = (
				9A6F68501C6F01550020BFB6 /* Base */,
				9A6F68801C6F3D400020BFB6 /* zh-Hans */,
				9A6F68821C6F3D660020BFB6 /* fa-IR */,
			);
			name = Main.storyboard;
			sourceTree = "<group>";
		};
		9A6F68571C6F01550020BFB6 /* LaunchScreen.storyboard */ = {
			isa = PBXVariantGroup;
			children = (
				9A6F68581C6F01550020BFB6 /* Base */,
				9A6F68811C6F3D400020BFB6 /* zh-Hans */,
				9A6F68831C6F3D660020BFB6 /* fa-IR */,
			);
			name = LaunchScreen.storyboard;
			sourceTree = "<group>";
		};
		9A6F68881C6F3FFA0020BFB6 /* Localizable.strings */ = {
			isa = PBXVariantGroup;
			children = (
				9A6F68871C6F3FFA0020BFB6 /* Base */,
				9A6F68891C6F40020020BFB6 /* en */,
				9A6F688A1C6F40030020BFB6 /* zh-Hans */,
				9A6F688B1C6F40040020BFB6 /* fa-IR */,
			);
			name = Localizable.strings;
			sourceTree = "<group>";
		};
/* End PBXVariantGroup section */

/* Begin XCBuildConfiguration section */
		9A6F68711C6F01560020BFB6 /* Debug */ = {
			isa = XCBuildConfiguration;
			buildSettings = {
				ALWAYS_SEARCH_USER_PATHS = NO;
				CLANG_ALLOW_NON_MODULAR_INCLUDES_IN_FRAMEWORK_MODULES = YES;
				CLANG_CXX_LANGUAGE_STANDARD = "gnu++0x";
				CLANG_CXX_LIBRARY = "libc++";
				CLANG_ENABLE_MODULES = YES;
				CLANG_ENABLE_OBJC_ARC = YES;
				CLANG_WARN_BOOL_CONVERSION = YES;
				CLANG_WARN_CONSTANT_CONVERSION = YES;
				CLANG_WARN_DIRECT_OBJC_ISA_USAGE = YES_ERROR;
				CLANG_WARN_EMPTY_BODY = YES;
				CLANG_WARN_ENUM_CONVERSION = YES;
				CLANG_WARN_INT_CONVERSION = YES;
				CLANG_WARN_OBJC_ROOT_CLASS = YES_ERROR;
				CLANG_WARN_UNREACHABLE_CODE = YES;
				CLANG_WARN__DUPLICATE_METHOD_MATCH = YES;
				"CODE_SIGN_IDENTITY[sdk=iphoneos*]" = "iPhone Developer";
				COPY_PHASE_STRIP = NO;
				DEBUG_INFORMATION_FORMAT = dwarf;
				ENABLE_STRICT_OBJC_MSGSEND = YES;
				ENABLE_TESTABILITY = YES;
				GCC_C_LANGUAGE_STANDARD = gnu99;
				GCC_DYNAMIC_NO_PIC = NO;
				GCC_NO_COMMON_BLOCKS = YES;
				GCC_OPTIMIZATION_LEVEL = 0;
				GCC_PREPROCESSOR_DEFINITIONS = (
					"DEBUG=1",
					"$(inherited)",
				);
				GCC_WARN_64_TO_32_BIT_CONVERSION = YES;
				GCC_WARN_ABOUT_RETURN_TYPE = YES_ERROR;
				GCC_WARN_UNDECLARED_SELECTOR = YES;
				GCC_WARN_UNINITIALIZED_AUTOS = YES_AGGRESSIVE;
				GCC_WARN_UNUSED_FUNCTION = YES;
				GCC_WARN_UNUSED_VARIABLE = YES;
				IPHONEOS_DEPLOYMENT_TARGET = 9.2;
				MTL_ENABLE_DEBUG_INFO = YES;
				ONLY_ACTIVE_ARCH = YES;
				SDKROOT = iphoneos;
				SWIFT_OPTIMIZATION_LEVEL = "-Onone";
			};
			name = Debug;
		};
		9A6F68721C6F01560020BFB6 /* Release */ = {
			isa = XCBuildConfiguration;
			buildSettings = {
				ALWAYS_SEARCH_USER_PATHS = NO;
				CLANG_ALLOW_NON_MODULAR_INCLUDES_IN_FRAMEWORK_MODULES = YES;
				CLANG_CXX_LANGUAGE_STANDARD = "gnu++0x";
				CLANG_CXX_LIBRARY = "libc++";
				CLANG_ENABLE_MODULES = YES;
				CLANG_ENABLE_OBJC_ARC = YES;
				CLANG_WARN_BOOL_CONVERSION = YES;
				CLANG_WARN_CONSTANT_CONVERSION = YES;
				CLANG_WARN_DIRECT_OBJC_ISA_USAGE = YES_ERROR;
				CLANG_WARN_EMPTY_BODY = YES;
				CLANG_WARN_ENUM_CONVERSION = YES;
				CLANG_WARN_INT_CONVERSION = YES;
				CLANG_WARN_OBJC_ROOT_CLASS = YES_ERROR;
				CLANG_WARN_UNREACHABLE_CODE = YES;
				CLANG_WARN__DUPLICATE_METHOD_MATCH = YES;
				"CODE_SIGN_IDENTITY[sdk=iphoneos*]" = "iPhone Developer";
				COPY_PHASE_STRIP = NO;
				DEBUG_INFORMATION_FORMAT = "dwarf-with-dsym";
				ENABLE_NS_ASSERTIONS = NO;
				ENABLE_STRICT_OBJC_MSGSEND = YES;
				GCC_C_LANGUAGE_STANDARD = gnu99;
				GCC_NO_COMMON_BLOCKS = YES;
				GCC_WARN_64_TO_32_BIT_CONVERSION = YES;
				GCC_WARN_ABOUT_RETURN_TYPE = YES_ERROR;
				GCC_WARN_UNDECLARED_SELECTOR = YES;
				GCC_WARN_UNINITIALIZED_AUTOS = YES_AGGRESSIVE;
				GCC_WARN_UNUSED_FUNCTION = YES;
				GCC_WARN_UNUSED_VARIABLE = YES;
				IPHONEOS_DEPLOYMENT_TARGET = 9.2;
				MTL_ENABLE_DEBUG_INFO = NO;
				SDKROOT = iphoneos;
				VALIDATE_PRODUCT = YES;
			};
			name = Release;
		};
		9A6F68741C6F01560020BFB6 /* Debug */ = {
			isa = XCBuildConfiguration;
			baseConfigurationReference = 194E20D26A0A8B8F5C1C38DB /* Pods-Gourmand.debug.xcconfig */;
			buildSettings = {
				ASSETCATALOG_COMPILER_APPICON_NAME = AppIcon;
				CLANG_ALLOW_NON_MODULAR_INCLUDES_IN_FRAMEWORK_MODULES = YES;
				CLANG_ENABLE_MODULES = YES;
				CODE_SIGN_IDENTITY = "iPhone Distribution";
				"CODE_SIGN_IDENTITY[sdk=iphoneos*]" = "iPhone Distribution";
				FRAMEWORK_SEARCH_PATHS = (
					"$(inherited)",
					"$(PROJECT_DIR)",
					"$(PROJECT_DIR)/build/Debug-iphoneos",
				);
				INFOPLIST_FILE = Gourmand/Info.plist;
				LD_RUNPATH_SEARCH_PATHS = "$(inherited) @executable_path/Frameworks";
				PRODUCT_BUNDLE_IDENTIFIER = com.farazpardazan.gourmand;
				PRODUCT_NAME = "$(TARGET_NAME)";
				PROVISIONING_PROFILE = "917a37a0-ae07-4420-90d5-16ca704e7f72";
				SWIFT_INSTALL_OBJC_HEADER = YES;
				SWIFT_OBJC_BRIDGING_HEADER = "Gourmand/Gourmand-Bridging-Header.h";
				SWIFT_OPTIMIZATION_LEVEL = "-Onone";
			};
			name = Debug;
		};
		9A6F68751C6F01560020BFB6 /* Release */ = {
			isa = XCBuildConfiguration;
			baseConfigurationReference = 14CA7C847FB5E60AA0260167 /* Pods-Gourmand.release.xcconfig */;
			buildSettings = {
				ASSETCATALOG_COMPILER_APPICON_NAME = AppIcon;
				CLANG_ALLOW_NON_MODULAR_INCLUDES_IN_FRAMEWORK_MODULES = YES;
				CLANG_ENABLE_MODULES = YES;
				CODE_SIGN_IDENTITY = "iPhone Distribution";
				"CODE_SIGN_IDENTITY[sdk=iphoneos*]" = "iPhone Distribution";
				FRAMEWORK_SEARCH_PATHS = (
					"$(inherited)",
					"$(PROJECT_DIR)",
					"$(PROJECT_DIR)/build/Debug-iphoneos",
				);
				INFOPLIST_FILE = Gourmand/Info.plist;
				LD_RUNPATH_SEARCH_PATHS = "$(inherited) @executable_path/Frameworks";
				ONLY_ACTIVE_ARCH = YES;
				PRODUCT_BUNDLE_IDENTIFIER = com.farazpardazan.gourmand;
				PRODUCT_NAME = "$(TARGET_NAME)";
				PROVISIONING_PROFILE = "917a37a0-ae07-4420-90d5-16ca704e7f72";
				SWIFT_INSTALL_OBJC_HEADER = YES;
				SWIFT_OBJC_BRIDGING_HEADER = "Gourmand/Gourmand-Bridging-Header.h";
			};
			name = Release;
		};
		9A6F68771C6F01560020BFB6 /* Debug */ = {
			isa = XCBuildConfiguration;
			baseConfigurationReference = 7DE0A63FB0BF259F105C50E5 /* Pods-GourmandTests.debug.xcconfig */;
			buildSettings = {
				BUNDLE_LOADER = "$(TEST_HOST)";
				INFOPLIST_FILE = GourmandTests/Info.plist;
				LD_RUNPATH_SEARCH_PATHS = "$(inherited) @executable_path/Frameworks @loader_path/Frameworks";
				PRODUCT_BUNDLE_IDENTIFIER = FarazPardazan.GourmandTests;
				PRODUCT_NAME = "$(TARGET_NAME)";
				TEST_HOST = "$(BUILT_PRODUCTS_DIR)/Gourmand.app/Gourmand";
			};
			name = Debug;
		};
		9A6F68781C6F01560020BFB6 /* Release */ = {
			isa = XCBuildConfiguration;
			baseConfigurationReference = C6EA6623CB74DAE870509538 /* Pods-GourmandTests.release.xcconfig */;
			buildSettings = {
				BUNDLE_LOADER = "$(TEST_HOST)";
				INFOPLIST_FILE = GourmandTests/Info.plist;
				LD_RUNPATH_SEARCH_PATHS = "$(inherited) @executable_path/Frameworks @loader_path/Frameworks";
				PRODUCT_BUNDLE_IDENTIFIER = FarazPardazan.GourmandTests;
				PRODUCT_NAME = "$(TARGET_NAME)";
				TEST_HOST = "$(BUILT_PRODUCTS_DIR)/Gourmand.app/Gourmand";
			};
			name = Release;
		};
		9A6F687A1C6F01560020BFB6 /* Debug */ = {
			isa = XCBuildConfiguration;
			baseConfigurationReference = E59DBE1C541B679C54B36824 /* Pods-GourmandUITests.debug.xcconfig */;
			buildSettings = {
				INFOPLIST_FILE = GourmandUITests/Info.plist;
				LD_RUNPATH_SEARCH_PATHS = "$(inherited) @executable_path/Frameworks @loader_path/Frameworks";
				PRODUCT_BUNDLE_IDENTIFIER = FarazPardazan.GourmandUITests;
				PRODUCT_NAME = "$(TARGET_NAME)";
				TEST_TARGET_NAME = Gourmand;
				USES_XCTRUNNER = YES;
			};
			name = Debug;
		};
		9A6F687B1C6F01560020BFB6 /* Release */ = {
			isa = XCBuildConfiguration;
			baseConfigurationReference = 1E8F2858A6ACDD4B7B9B29D9 /* Pods-GourmandUITests.release.xcconfig */;
			buildSettings = {
				INFOPLIST_FILE = GourmandUITests/Info.plist;
				LD_RUNPATH_SEARCH_PATHS = "$(inherited) @executable_path/Frameworks @loader_path/Frameworks";
				PRODUCT_BUNDLE_IDENTIFIER = FarazPardazan.GourmandUITests;
				PRODUCT_NAME = "$(TARGET_NAME)";
				TEST_TARGET_NAME = Gourmand;
				USES_XCTRUNNER = YES;
			};
			name = Release;
		};
/* End XCBuildConfiguration section */

/* Begin XCConfigurationList section */
		9A6F68431C6F01550020BFB6 /* Build configuration list for PBXProject "Gourmand" */ = {
			isa = XCConfigurationList;
			buildConfigurations = (
				9A6F68711C6F01560020BFB6 /* Debug */,
				9A6F68721C6F01560020BFB6 /* Release */,
			);
			defaultConfigurationIsVisible = 0;
			defaultConfigurationName = Release;
		};
		9A6F68731C6F01560020BFB6 /* Build configuration list for PBXNativeTarget "Gourmand" */ = {
			isa = XCConfigurationList;
			buildConfigurations = (
				9A6F68741C6F01560020BFB6 /* Debug */,
				9A6F68751C6F01560020BFB6 /* Release */,
			);
			defaultConfigurationIsVisible = 0;
			defaultConfigurationName = Release;
		};
		9A6F68761C6F01560020BFB6 /* Build configuration list for PBXNativeTarget "GourmandTests" */ = {
			isa = XCConfigurationList;
			buildConfigurations = (
				9A6F68771C6F01560020BFB6 /* Debug */,
				9A6F68781C6F01560020BFB6 /* Release */,
			);
			defaultConfigurationIsVisible = 0;
			defaultConfigurationName = Release;
		};
		9A6F68791C6F01560020BFB6 /* Build configuration list for PBXNativeTarget "GourmandUITests" */ = {
			isa = XCConfigurationList;
			buildConfigurations = (
				9A6F687A1C6F01560020BFB6 /* Debug */,
				9A6F687B1C6F01560020BFB6 /* Release */,
			);
			defaultConfigurationIsVisible = 0;
			defaultConfigurationName = Release;
		};
/* End XCConfigurationList section */

/* Begin XCVersionGroup section */
		9A6F68521C6F01550020BFB6 /* Gourmand.xcdatamodeld */ = {
			isa = XCVersionGroup;
			children = (
				9A6F68531C6F01550020BFB6 /* Gourmand.xcdatamodel */,
			);
			currentVersion = 9A6F68531C6F01550020BFB6 /* Gourmand.xcdatamodel */;
			path = Gourmand.xcdatamodeld;
			sourceTree = "<group>";
			versionGroupType = wrapper.xcdatamodel;
		};
/* End XCVersionGroup section */
	};
	rootObject = 9A6F68401C6F01550020BFB6 /* Project object */;
}
